
Microsoft Visual Studio Solution File, Format Version 12.00
# Visual Studio Version 17
VisualStudioVersion = 17.11.35312.102
MinimumVisualStudioVersion = 10.0.40219.1
Project("{FAE04EC0-301F-11D3-BF4B-00C04F79EFBC}") = "LexiconIndividualProj01", "LexiconIndividualProj01.csproj", "{B1D54673-1257-405C-99F9-95B415412B37}"
EndProject
Global
	GlobalSection(SolutionConfigurationPlatforms) = preSolution
		Debug|Any CPU = Debug|Any CPU
		Release|Any CPU = Release|Any CPU
	EndGlobalSection
	GlobalSection(ProjectConfigurationPlatforms) = postSolution
		{B1D54673-1257-405C-99F9-95B415412B37}.Debug|Any CPU.ActiveCfg = Debug|Any CPU
		{B1D54673-1257-405C-99F9-95B415412B37}.Debug|Any CPU.Build.0 = Debug|Any CPU
		{B1D54673-1257-405C-99F9-95B415412B37}.Release|Any CPU.ActiveCfg = Release|Any CPU
		{B1D54673-1257-405C-99F9-95B415412B37}.Release|Any CPU.Build.0 = Release|Any CPU
	EndGlobalSection
	GlobalSection(SolutionProperties) = preSolution
		HideSolutionNode = FALSE
	EndGlobalSection
	GlobalSection(ExtensibilityGlobals) = postSolution
		SolutionGuid = {58DE0680-AC4E-41AB-B6A3-73A4546433C4}
	EndGlobalSection
EndGlobal
